
Microsoft Visual Studio Solution File, Format Version 12.00
# Visual Studio Version 17
VisualStudioVersion = 17.12.35514.174 d17.12
MinimumVisualStudioVersion = 10.0.40219.1
Project("{FAE04EC0-301F-11D3-BF4B-00C04F79EFBC}") = "SDLControllerTester", "SDLControllerTester.csproj", "{6E4A40E1-6304-439E-AFA2-18491115835B}"
EndProject
Project("{FAE04EC0-301F-11D3-BF4B-00C04F79EFBC}") = "SDLControllerWrapper", "..\SDLControllerWrapper\SDLControllerWrapper.csproj", "{0AA29A62-B728-40B4-926D-9AF5000A3EE3}"
EndProject
Global
	GlobalSection(SolutionConfigurationPlatforms) = preSolution
		Debug|Any CPU = Debug|Any CPU
		Release|Any CPU = Release|Any CPU
	EndGlobalSection
	GlobalSection(ProjectConfigurationPlatforms) = postSolution
		{6E4A40E1-6304-439E-AFA2-18491115835B}.Debug|Any CPU.ActiveCfg = Debug|Any CPU
		{6E4A40E1-6304-439E-AFA2-18491115835B}.Debug|Any CPU.Build.0 = Debug|Any CPU
		{6E4A40E1-6304-439E-AFA2-18491115835B}.Release|Any CPU.ActiveCfg = Release|Any CPU
		{6E4A40E1-6304-439E-AFA2-18491115835B}.Release|Any CPU.Build.0 = Release|Any CPU
		{0AA29A62-B728-40B4-926D-9AF5000A3EE3}.Debug|Any CPU.ActiveCfg = Debug|Any CPU
		{0AA29A62-B728-40B4-926D-9AF5000A3EE3}.Debug|Any CPU.Build.0 = Debug|Any CPU
		{0AA29A62-B728-40B4-926D-9AF5000A3EE3}.Release|Any CPU.ActiveCfg = Release|Any CPU
		{0AA29A62-B728-40B4-926D-9AF5000A3EE3}.Release|Any CPU.Build.0 = Release|Any CPU
	EndGlobalSection
	GlobalSection(SolutionProperties) = preSolution
		HideSolutionNode = FALSE
	EndGlobalSection
EndGlobal
